
Microsoft Visual Studio Solution File, Format Version 12.00
# Visual Studio Version 16
VisualStudioVersion = 16.0.31105.61
MinimumVisualStudioVersion = 10.0.40219.1
Project("{FAE04EC0-301F-11D3-BF4B-00C04F79EFBC}") = "Quejas_Proyecto", "Quejas_Proyecto\Quejas_Proyecto.csproj", "{F713A48F-BBA3-41B1-9A6F-CE69EC2BA38C}"
EndProject
Global
	GlobalSection(SolutionConfigurationPlatforms) = preSolution
		Debug|Any CPU = Debug|Any CPU
		Release|Any CPU = Release|Any CPU
	EndGlobalSection
	GlobalSection(ProjectConfigurationPlatforms) = postSolution
		{F713A48F-BBA3-41B1-9A6F-CE69EC2BA38C}.Debug|Any CPU.ActiveCfg = Debug|Any CPU
		{F713A48F-BBA3-41B1-9A6F-CE69EC2BA38C}.Debug|Any CPU.Build.0 = Debug|Any CPU
		{F713A48F-BBA3-41B1-9A6F-CE69EC2BA38C}.Release|Any CPU.ActiveCfg = Release|Any CPU
		{F713A48F-BBA3-41B1-9A6F-CE69EC2BA38C}.Release|Any CPU.Build.0 = Release|Any CPU
	EndGlobalSection
	GlobalSection(SolutionProperties) = preSolution
		HideSolutionNode = FALSE
	EndGlobalSection
	GlobalSection(ExtensibilityGlobals) = postSolution
		SolutionGuid = {58A89803-4F1A-4C76-9F33-E3C034C2E317}
	EndGlobalSection
EndGlobal
